
Microsoft Visual Studio Solution File, Format Version 12.00
# Visual Studio 15
VisualStudioVersion = 15.0.28307.779
MinimumVisualStudioVersion = 10.0.40219.1
Project("{FAE04EC0-301F-11D3-BF4B-00C04F79EFBC}") = "JobBoard.UI", "JobBoard.UI\JobBoard.UI.csproj", "{540437A1-D9D2-4404-BC9B-7E12264E9D58}"
EndProject
Project("{FAE04EC0-301F-11D3-BF4B-00C04F79EFBC}") = "JobBoard.UI.Tests", "JobBoard.UI.Tests\JobBoard.UI.Tests.csproj", "{962E2ADF-0256-4AF4-8D9F-6B5E275BDFD5}"
EndProject
Project("{FAE04EC0-301F-11D3-BF4B-00C04F79EFBC}") = "JobBoard.DataLayer", "JobBoard.DataLayer\JobBoard.DataLayer.csproj", "{CAC36869-A30D-4B94-8718-030F36D303A8}"
EndProject
Global
	GlobalSection(SolutionConfigurationPlatforms) = preSolution
		Debug|Any CPU = Debug|Any CPU
		Release|Any CPU = Release|Any CPU
	EndGlobalSection
	GlobalSection(ProjectConfigurationPlatforms) = postSolution
		{540437A1-D9D2-4404-BC9B-7E12264E9D58}.Debug|Any CPU.ActiveCfg = Debug|Any CPU
		{540437A1-D9D2-4404-BC9B-7E12264E9D58}.Debug|Any CPU.Build.0 = Debug|Any CPU
		{540437A1-D9D2-4404-BC9B-7E12264E9D58}.Release|Any CPU.ActiveCfg = Release|Any CPU
		{540437A1-D9D2-4404-BC9B-7E12264E9D58}.Release|Any CPU.Build.0 = Release|Any CPU
		{962E2ADF-0256-4AF4-8D9F-6B5E275BDFD5}.Debug|Any CPU.ActiveCfg = Debug|Any CPU
		{962E2ADF-0256-4AF4-8D9F-6B5E275BDFD5}.Debug|Any CPU.Build.0 = Debug|Any CPU
		{962E2ADF-0256-4AF4-8D9F-6B5E275BDFD5}.Release|Any CPU.ActiveCfg = Release|Any CPU
		{962E2ADF-0256-4AF4-8D9F-6B5E275BDFD5}.Release|Any CPU.Build.0 = Release|Any CPU
		{CAC36869-A30D-4B94-8718-030F36D303A8}.Debug|Any CPU.ActiveCfg = Debug|Any CPU
		{CAC36869-A30D-4B94-8718-030F36D303A8}.Debug|Any CPU.Build.0 = Debug|Any CPU
		{CAC36869-A30D-4B94-8718-030F36D303A8}.Release|Any CPU.ActiveCfg = Release|Any CPU
		{CAC36869-A30D-4B94-8718-030F36D303A8}.Release|Any CPU.Build.0 = Release|Any CPU
	EndGlobalSection
	GlobalSection(SolutionProperties) = preSolution
		HideSolutionNode = FALSE
	EndGlobalSection
	GlobalSection(ExtensibilityGlobals) = postSolution
		SolutionGuid = {3059723B-7912-4EE1-ABDD-1F70D23D0AAD}
	EndGlobalSection
EndGlobal
